github.com/HusseinSultan/funtemps v0.0.0-20230418212900-7d1eca8b2c62 h1:fRQc48fqIoZvqkvImQs5RPhGzTUKZXvurBjl2GiFATw=
github.com/HusseinSultan/funtemps v0.0.0-20230418212900-7d1eca8b2c62/go.mod h1:venYIysK/3aC//IBQGZdyvZtvpLiJ9p5cCJW+Ln+qIM=
github.com/HusseinSultan/is105sem03 v0.0.0-20230421070832-e12825427492 h1:CMrIQsC4agHcMhP+3dinfYZ1ORW8x2huip4eSBDKliA=
github.com/HusseinSultan/is105sem03 v0.0.0-20230421070832-e12825427492/go.mod h1:rQ5Z8T0grwLpS0HS1aLLkbcwjzGZfL6N2u26uWc6aTw=
